<?xml version="1.0" encoding="utf-8"?>
<Project ToolsVersion="4.0" xmlns="http://schemas.microsoft.com/developer/msbuild/2003">
  <ItemGroup>
    <Filter Include="include">
      <UniqueIdentifier>{cc857e8a-9992-4fce-9de1-d1b4e8318d73}</UniqueIdentifier>
    </Filter>
    <Filter Include="include\Compiler">
      <UniqueIdentifier>{0fac640e-ac92-4484-8b32-a2fe8b104bff}</UniqueIdentifier>
    </Filter>
    <Filter Include="include\C++">
      <UniqueIdentifier>{758f3647-98e2-46d0-adf7-c44a22f36fc6}</UniqueIdentifier>
    </Filter>
    <Filter Include="include\C">
      <UniqueIdentifier>{0c74c07c-2f6b-4ec4-9e56-b8e266646f39}</UniqueIdentifier>
    </Filter>
    <Filter Include="include\Common">
      <UniqueIdentifier>{d555417f-6f1a-4cc8-933f-a367363db397}</UniqueIdentifier>
    </Filter>
    <Filter Include="sources">
      <UniqueIdentifier>{58f31dd7-a104-4dc8-b094-26f0514cc838}</UniqueIdentifier>
    </Filter>
    <Filter Include="sources\importers">
      <UniqueIdentifier>{c7c1ffbc-e05c-4a3c-8fa6-c2bdd94dadbf}</UniqueIdentifier>
    </Filter>
    <Filter Include="sources\importers\3ds">
      <UniqueIdentifier>{97f45fee-1cdc-44e6-a59b-bc1ddcfe631a}</UniqueIdentifier>
    </Filter>
    <Filter Include="sources\importers\ase">
      <UniqueIdentifier>{f75ef3dc-1497-430b-a44e-becd7075c0f0}</UniqueIdentifier>
    </Filter>
    <Filter Include="sources\importers\hmp">
      <UniqueIdentifier>{ea91a7c8-8cc1-411f-a9db-dc485bd19d6d}</UniqueIdentifier>
    </Filter>
    <Filter Include="sources\importers\lwo">
      <UniqueIdentifier>{d35169e1-70cd-4ef4-9be4-533dde307837}</UniqueIdentifier>
    </Filter>
    <Filter Include="sources\importers\md3">
      <UniqueIdentifier>{5782c8d6-7880-4438-b0fa-d7ab1a03f228}</UniqueIdentifier>
    </Filter>
    <Filter Include="sources\importers\md5">
      <UniqueIdentifier>{2dfe8af1-bb2c-40b1-8d81-63042d124a35}</UniqueIdentifier>
    </Filter>
    <Filter Include="sources\importers\mdc">
      <UniqueIdentifier>{8a333366-567e-4466-b5ea-7f754cae55e4}</UniqueIdentifier>
    </Filter>
    <Filter Include="sources\importers\mdl">
      <UniqueIdentifier>{7631b0ec-9245-49c1-8e0c-a27ff232571c}</UniqueIdentifier>
    </Filter>
    <Filter Include="sources\importers\obj">
      <UniqueIdentifier>{be873d68-231c-484b-b916-f7963441fd1b}</UniqueIdentifier>
    </Filter>
    <Filter Include="sources\importers\ply">
      <UniqueIdentifier>{62a5250c-d4dd-416a-a17d-0340e4a7dd89}</UniqueIdentifier>
    </Filter>
    <Filter Include="sources\importers\smd">
      <UniqueIdentifier>{92f0f611-18bc-47c6-879c-f3404d6eaf2f}</UniqueIdentifier>
    </Filter>
    <Filter Include="sources\importers\stl">
      <UniqueIdentifier>{ca590e20-258e-45f8-8615-eda55a856dc7}</UniqueIdentifier>
    </Filter>
    <Filter Include="sources\importers\x">
      <UniqueIdentifier>{bbbfe9c3-446b-45f7-b145-8630c0fecac2}</UniqueIdentifier>
    </Filter>
    <Filter Include="sources\importers\dxf">
      <UniqueIdentifier>{1d6a8a5f-6650-44f7-a31a-f13bf4351031}</UniqueIdentifier>
    </Filter>
    <Filter Include="sources\importers\raw">
      <UniqueIdentifier>{8e03e8a1-8f4a-4c4f-a277-8155f9e5a2c2}</UniqueIdentifier>
    </Filter>
    <Filter Include="sources\importers\nff">
      <UniqueIdentifier>{4b262430-71b1-4305-9569-5f61f2f8402b}</UniqueIdentifier>
    </Filter>
    <Filter Include="sources\importers\off">
      <UniqueIdentifier>{da831e18-509d-4a45-aec1-b23ab4fc6394}</UniqueIdentifier>
    </Filter>
    <Filter Include="sources\importers\ac">
      <UniqueIdentifier>{1b64d13f-01fb-49a1-bbb9-acfc5f7c1fba}</UniqueIdentifier>
    </Filter>
    <Filter Include="sources\importers\lws">
      <UniqueIdentifier>{c342fccc-37e4-4a29-b23e-5f0428230330}</UniqueIdentifier>
    </Filter>
    <Filter Include="sources\importers\bvh">
      <UniqueIdentifier>{f11e8441-081e-48a5-ad45-47ac3b38fef9}</UniqueIdentifier>
    </Filter>
    <Filter Include="sources\importers\irrmesh">
      <UniqueIdentifier>{5522a6c1-007b-44d8-917b-ab8357f3a0cf}</UniqueIdentifier>
    </Filter>
    <Filter Include="sources\importers\irr">
      <UniqueIdentifier>{8c3cd58a-1fa8-4ad9-acbe-8c8089ebd4af}</UniqueIdentifier>
    </Filter>
    <Filter Include="sources\importers\q3d">
      <UniqueIdentifier>{cddce172-f311-4f0e-bbca-524aa697dd54}</UniqueIdentifier>
    </Filter>
    <Filter Include="sources\importers\b3d">
      <UniqueIdentifier>{1da12adc-4076-4321-aba7-e1d7ae0f1539}</UniqueIdentifier>
    </Filter>
    <Filter Include="sources\importers\collada">
      <UniqueIdentifier>{a4566b55-a050-46db-b7c8-6e6620033ac2}</UniqueIdentifier>
    </Filter>
    <Filter Include="sources\importers\ter">
      <UniqueIdentifier>{b1cef8df-bf02-45ea-8c31-11ca3710dd98}</UniqueIdentifier>
    </Filter>
    <Filter Include="sources\importers\csm">
      <UniqueIdentifier>{0fb5e146-3f58-4df2-98da-da003cfbfd43}</UniqueIdentifier>
    </Filter>
    <Filter Include="sources\importers\unreal">
      <UniqueIdentifier>{2393e483-dff4-42b9-b8b4-8b9329adba13}</UniqueIdentifier>
    </Filter>
    <Filter Include="sources\importers\ndo">
      <UniqueIdentifier>{a2f758d5-88db-43ac-ae28-d8a9207fad6e}</UniqueIdentifier>
    </Filter>
    <Filter Include="sources\importers\ogre">
      <UniqueIdentifier>{0db0d5af-d74f-4712-a9c2-156658c60b18}</UniqueIdentifier>
    </Filter>
    <Filter Include="sources\importers\ms3d">
      <UniqueIdentifier>{6e8eabd5-3bf4-496c-9c9c-f25a36854759}</UniqueIdentifier>
    </Filter>
    <Filter Include="sources\importers\cob">
      <UniqueIdentifier>{69b90796-81bf-459e-8849-aef7edc19585}</UniqueIdentifier>
    </Filter>
    <Filter Include="sources\importers\blend">
      <UniqueIdentifier>{b8c5e993-d8f2-445b-ac32-f4072f1ad9a4}</UniqueIdentifier>
    </Filter>
    <Filter Include="sources\importers\q3bsp">
      <UniqueIdentifier>{e6cfd2dd-3067-4bab-8b6b-a3c7c17bdd29}</UniqueIdentifier>
    </Filter>
    <Filter Include="sources\importers\md2">
      <UniqueIdentifier>{dd98b4d2-6282-4a82-a853-ac15fc9dcd8e}</UniqueIdentifier>
    </Filter>
    <Filter Include="sources\importers\ifc">
      <UniqueIdentifier>{e1c1cf5c-373f-48ef-b98f-a6539693204f}</UniqueIdentifier>
    </Filter>
    <Filter Include="sources\importers\xgl">
      <UniqueIdentifier>{a1228b5c-dd28-4823-9e26-ddace5656946}</UniqueIdentifier>
    </Filter>
    <Filter Include="sources\importers\fbx">
      <UniqueIdentifier>{52d4acb3-82e9-4a39-a6fa-6a2210ca46f8}</UniqueIdentifier>
    </Filter>
    <Filter Include="sources\postprocessing">
      <UniqueIdentifier>{0f74a23c-9a57-4fa4-93c0-d793c41600f3}</UniqueIdentifier>
    </Filter>
    <Filter Include="sources\core">
      <UniqueIdentifier>{6774055b-ee87-4e88-a51d-648e1d03332c}</UniqueIdentifier>
    </Filter>
    <Filter Include="sources\logging">
      <UniqueIdentifier>{65fe4714-9126-4b9d-8935-968c1f76e453}</UniqueIdentifier>
    </Filter>
    <Filter Include="sources\filesystem">
      <UniqueIdentifier>{9945d771-c297-445c-9b73-3ef73de5dc10}</UniqueIdentifier>
    </Filter>
    <Filter Include="sources\core_import">
      <UniqueIdentifier>{e86c91cb-88f5-4dfa-8837-64682d44a2e1}</UniqueIdentifier>
    </Filter>
    <Filter Include="sources\extern">
      <UniqueIdentifier>{eedc8fa7-8d25-4bf0-90af-05ce9213bee0}</UniqueIdentifier>
    </Filter>
    <Filter Include="sources\extern\irrXML">
      <UniqueIdentifier>{fd183271-f04d-4285-a361-9a27e3695d6e}</UniqueIdentifier>
    </Filter>
    <Filter Include="sources\extern\zLib">
      <UniqueIdentifier>{e3cd7647-4af5-4acc-a2f9-4327c1be1389}</UniqueIdentifier>
    </Filter>
    <Filter Include="sources\extern\ConvertUTF">
      <UniqueIdentifier>{2aefee39-9fb5-4bd8-a4ed-ac46e3d2f99a}</UniqueIdentifier>
    </Filter>
    <Filter Include="sources\extern\poly2tri">
      <UniqueIdentifier>{f0a78215-98de-4bf6-837f-57dce417b9dc}</UniqueIdentifier>
    </Filter>
    <Filter Include="sources\extern\clipper">
      <UniqueIdentifier>{62f2d619-e3ec-4b9b-acb8-dbd9bd1eaed7}</UniqueIdentifier>
    </Filter>
    <Filter Include="sources\noboost">
      <UniqueIdentifier>{c253769b-907e-4c5e-8459-86aa87222755}</UniqueIdentifier>
    </Filter>
    <Filter Include="sources\noboost\tuple">
      <UniqueIdentifier>{9d71ccfd-c702-40eb-8084-378ff25c4d38}</UniqueIdentifier>
    </Filter>
    <Filter Include="sources\noboost\math">
      <UniqueIdentifier>{e1b1813f-9e7b-45bd-b2e9-79c273b40d8b}</UniqueIdentifier>
    </Filter>
    <Filter Include="sources\core_export">
      <UniqueIdentifier>{8ea2b272-8914-43f3-af3c-3e519045f435}</UniqueIdentifier>
    </Filter>
    <Filter Include="sources\exporters">
      <UniqueIdentifier>{fecae7ef-dcd3-488d-8f6c-fa6ace53e285}</UniqueIdentifier>
    </Filter>
    <Filter Include="sources\exporters\collada">
      <UniqueIdentifier>{b6470890-9af0-4ce0-9c20-f4314733d5ad}</UniqueIdentifier>
    </Filter>
    <Filter Include="sources\exporters\obj">
      <UniqueIdentifier>{f2cf5b6a-8985-4e32-8c7c-8d98567a7f90}</UniqueIdentifier>
    </Filter>
    <Filter Include="sources\exporters\stl">
      <UniqueIdentifier>{d92f2e0d-e982-4cae-b717-bdfedaf7ea30}</UniqueIdentifier>
    </Filter>
    <Filter Include="sources\exporters\ply">
      <UniqueIdentifier>{10a12b8f-0119-45be-baf2-4bb9a4320105}</UniqueIdentifier>
    </Filter>
  </ItemGroup>
  <ItemGroup>
    <ClInclude Include="..\..\include\assimp\Compiler\poppack1.h">
      <Filter>include\Compiler</Filter>
    </ClInclude>
    <ClInclude Include="..\..\include\assimp\Compiler\pushpack1.h">
      <Filter>include\Compiler</Filter>
    </ClInclude>
    <ClInclude Include="..\..\include\assimp\DefaultLogger.hpp">
      <Filter>include\C++</Filter>
    </ClInclude>
    <ClInclude Include="..\..\include\assimp\Exporter.hpp">
      <Filter>include\C++</Filter>
    </ClInclude>
    <ClInclude Include="..\..\include\assimp\Importer.hpp">
      <Filter>include\C++</Filter>
    </ClInclude>
    <ClInclude Include="..\..\include\assimp\IOStream.hpp">
      <Filter>include\C++</Filter>
    </ClInclude>
    <ClInclude Include="..\..\include\assimp\IOSystem.hpp">
      <Filter>include\C++</Filter>
    </ClInclude>
    <ClInclude Include="..\..\include\assimp\Logger.hpp">
      <Filter>include\C++</Filter>
    </ClInclude>
    <ClInclude Include="..\..\include\assimp\LogStream.hpp">
      <Filter>include\C++</Filter>
    </ClInclude>
    <ClInclude Include="..\..\include\assimp\NullLogger.hpp">
      <Filter>include\C++</Filter>
    </ClInclude>
    <ClInclude Include="..\..\include\assimp\ProgressHandler.hpp">
      <Filter>include\C++</Filter>
    </ClInclude>
    <ClInclude Include="..\..\include\assimp\cexport.h">
      <Filter>include\C</Filter>
    </ClInclude>
    <ClInclude Include="..\..\include\assimp\cfileio.h">
      <Filter>include\C</Filter>
    </ClInclude>
    <ClInclude Include="..\..\include\assimp\cimport.h">
      <Filter>include\C</Filter>
    </ClInclude>
    <ClInclude Include="..\..\include\assimp\ai_assert.h">
      <Filter>include\Common</Filter>
    </ClInclude>
    <ClInclude Include="..\..\include\assimp\anim.h">
      <Filter>include\Common</Filter>
    </ClInclude>
    <ClInclude Include="..\..\include\assimp\camera.h">
      <Filter>include\Common</Filter>
    </ClInclude>
    <ClInclude Include="..\..\include\assimp\color4.h">
      <Filter>include\Common</Filter>
    </ClInclude>
    <ClInclude Include="..\..\include\assimp\config.h">
      <Filter>include\Common</Filter>
    </ClInclude>
    <ClInclude Include="..\..\include\assimp\defs.h">
      <Filter>include\Common</Filter>
    </ClInclude>
    <ClInclude Include="..\..\include\assimp\importerdesc.h">
      <Filter>include\Common</Filter>
    </ClInclude>
    <ClInclude Include="..\..\include\assimp\light.h">
      <Filter>include\Common</Filter>
    </ClInclude>
    <ClInclude Include="..\..\include\assimp\material.h">
      <Filter>include\Common</Filter>
    </ClInclude>
    <ClInclude Include="..\..\include\assimp\matrix3x3.h">
      <Filter>include\Common</Filter>
    </ClInclude>
    <ClInclude Include="..\..\include\assimp\matrix4x4.h">
      <Filter>include\Common</Filter>
    </ClInclude>
    <ClInclude Include="..\..\include\assimp\mesh.h">
      <Filter>include\Common</Filter>
    </ClInclude>
    <ClInclude Include="..\..\include\assimp\postprocess.h">
      <Filter>include\Common</Filter>
    </ClInclude>
    <ClInclude Include="..\..\include\assimp\quaternion.h">
      <Filter>include\Common</Filter>
    </ClInclude>
    <ClInclude Include="..\..\include\assimp\scene.h">
      <Filter>include\Common</Filter>
    </ClInclude>
    <ClInclude Include="..\..\include\assimp\texture.h">
      <Filter>include\Common</Filter>
    </ClInclude>
    <ClInclude Include="..\..\include\assimp\types.h">
      <Filter>include\Common</Filter>
    </ClInclude>
    <ClInclude Include="..\..\include\assimp\vector2.h">
      <Filter>include\Common</Filter>
    </ClInclude>
    <ClInclude Include="..\..\include\assimp\vector3.h">
      <Filter>include\Common</Filter>
    </ClInclude>
    <ClInclude Include="..\..\include\assimp\version.h">
      <Filter>include\Common</Filter>
    </ClInclude>
    <ClInclude Include="..\..\code\3DSHelper.h">
      <Filter>sources\importers\3ds</Filter>
    </ClInclude>
    <ClInclude Include="..\..\code\3DSLoader.h">
      <Filter>sources\importers\3ds</Filter>
    </ClInclude>
    <ClInclude Include="..\..\code\ASELoader.h">
      <Filter>sources\importers\ase</Filter>
    </ClInclude>
    <ClInclude Include="..\..\code\ASEParser.h">
      <Filter>sources\importers\ase</Filter>
    </ClInclude>
    <ClInclude Include="..\..\code\HMPFileData.h">
      <Filter>sources\importers\hmp</Filter>
    </ClInclude>
    <ClInclude Include="..\..\code\HMPLoader.h">
      <Filter>sources\importers\hmp</Filter>
    </ClInclude>
    <ClInclude Include="..\..\code\LWOFileData.h">
      <Filter>sources\importers\lwo</Filter>
    </ClInclude>
    <ClInclude Include="..\..\code\LWOLoader.h">
      <Filter>sources\importers\lwo</Filter>
    </ClInclude>
    <ClInclude Include="..\..\code\MD3FileData.h">
      <Filter>sources\importers\md3</Filter>
    </ClInclude>
    <ClInclude Include="..\..\code\MD3Loader.h">
      <Filter>sources\importers\md3</Filter>
    </ClInclude>
    <ClInclude Include="..\..\code\MD5Loader.h">
      <Filter>sources\importers\md5</Filter>
    </ClInclude>
    <ClInclude Include="..\..\code\MD5Parser.h">
      <Filter>sources\importers\md5</Filter>
    </ClInclude>
    <ClInclude Include="..\..\code\MDCFileData.h">
      <Filter>sources\importers\mdc</Filter>
    </ClInclude>
    <ClInclude Include="..\..\code\MDCLoader.h">
      <Filter>sources\importers\mdc</Filter>
    </ClInclude>
    <ClInclude Include="..\..\code\MDCNormalTable.h">
      <Filter>sources\importers\mdc</Filter>
    </ClInclude>
    <ClInclude Include="..\..\code\HalfLifeFileData.h">
      <Filter>sources\importers\mdl</Filter>
    </ClInclude>
    <ClInclude Include="..\..\code\MDLDefaultColorMap.h">
      <Filter>sources\importers\mdl</Filter>
    </ClInclude>
    <ClInclude Include="..\..\code\MDLFileData.h">
      <Filter>sources\importers\mdl</Filter>
    </ClInclude>
    <ClInclude Include="..\..\code\MDLLoader.h">
      <Filter>sources\importers\mdl</Filter>
    </ClInclude>
    <ClInclude Include="..\..\code\ObjFileData.h">
      <Filter>sources\importers\obj</Filter>
    </ClInclude>
    <ClInclude Include="..\..\code\ObjFileImporter.h">
      <Filter>sources\importers\obj</Filter>
    </ClInclude>
    <ClInclude Include="..\..\code\ObjFileMtlImporter.h">
      <Filter>sources\importers\obj</Filter>
    </ClInclude>
    <ClInclude Include="..\..\code\ObjFileParser.h">
      <Filter>sources\importers\obj</Filter>
    </ClInclude>
    <ClInclude Include="..\..\code\ObjTools.h">
      <Filter>sources\importers\obj</Filter>
    </ClInclude>
    <ClInclude Include="..\..\code\PlyLoader.h">
      <Filter>sources\importers\ply</Filter>
    </ClInclude>
    <ClInclude Include="..\..\code\PlyParser.h">
      <Filter>sources\importers\ply</Filter>
    </ClInclude>
    <ClInclude Include="..\..\code\SMDLoader.h">
      <Filter>sources\importers\smd</Filter>
    </ClInclude>
    <ClInclude Include="..\..\code\STLLoader.h">
      <Filter>sources\importers\stl</Filter>
    </ClInclude>
    <ClInclude Include="..\..\code\XFileHelper.h">
      <Filter>sources\importers\x</Filter>
    </ClInclude>
    <ClInclude Include="..\..\code\XFileImporter.h">
      <Filter>sources\importers\x</Filter>
    </ClInclude>
    <ClInclude Include="..\..\code\XFileParser.h">
      <Filter>sources\importers\x</Filter>
    </ClInclude>
    <ClInclude Include="..\..\code\DXFHelper.h">
      <Filter>sources\importers\dxf</Filter>
    </ClInclude>
    <ClInclude Include="..\..\code\DXFLoader.h">
      <Filter>sources\importers\dxf</Filter>
    </ClInclude>
    <ClInclude Include="..\..\code\RawLoader.h">
      <Filter>sources\importers\raw</Filter>
    </ClInclude>
    <ClInclude Include="..\..\code\NFFLoader.h">
      <Filter>sources\importers\nff</Filter>
    </ClInclude>
    <ClInclude Include="..\..\code\OFFLoader.h">
      <Filter>sources\importers\off</Filter>
    </ClInclude>
    <ClInclude Include="..\..\code\ACLoader.h">
      <Filter>sources\importers\ac</Filter>
    </ClInclude>
    <ClInclude Include="..\..\code\LWOAnimation.h">
      <Filter>sources\importers\lws</Filter>
    </ClInclude>
    <ClInclude Include="..\..\code\LWSLoader.h">
      <Filter>sources\importers\lws</Filter>
    </ClInclude>
    <ClInclude Include="..\..\code\BVHLoader.h">
      <Filter>sources\importers\bvh</Filter>
    </ClInclude>
    <ClInclude Include="..\..\code\IRRMeshLoader.h">
      <Filter>sources\importers\irrmesh</Filter>
    </ClInclude>
    <ClInclude Include="..\..\code\IRRLoader.h">
      <Filter>sources\importers\irr</Filter>
    </ClInclude>
    <ClInclude Include="..\..\code\IRRShared.h">
      <Filter>sources\importers\irr</Filter>
    </ClInclude>
    <ClInclude Include="..\..\code\Q3DLoader.h">
      <Filter>sources\importers\q3d</Filter>
    </ClInclude>
    <ClInclude Include="..\..\code\B3DImporter.h">
      <Filter>sources\importers\b3d</Filter>
    </ClInclude>
    <ClInclude Include="..\..\code\ColladaHelper.h">
      <Filter>sources\importers\collada</Filter>
    </ClInclude>
    <ClInclude Include="..\..\code\ColladaLoader.h">
      <Filter>sources\importers\collada</Filter>
    </ClInclude>
    <ClInclude Include="..\..\code\ColladaParser.h">
      <Filter>sources\importers\collada</Filter>
    </ClInclude>
    <ClInclude Include="..\..\code\TerragenLoader.h">
      <Filter>sources\importers\ter</Filter>
    </ClInclude>
    <ClInclude Include="..\..\code\CSMLoader.h">
      <Filter>sources\importers\csm</Filter>
    </ClInclude>
    <ClInclude Include="..\..\code\UnrealLoader.h">
      <Filter>sources\importers\unreal</Filter>
    </ClInclude>
    <ClInclude Include="..\..\code\NDOLoader.h">
      <Filter>sources\importers\ndo</Filter>
    </ClInclude>
    <ClInclude Include="..\..\code\OgreImporter.hpp">
      <Filter>sources\importers\ogre</Filter>
    </ClInclude>
    <ClInclude Include="..\..\code\OgreXmlHelper.h">
      <Filter>sources\importers\ogre</Filter>
    </ClInclude>
    <ClInclude Include="..\..\code\OgreXmlHelper.hpp">
      <Filter>sources\importers\ogre</Filter>
    </ClInclude>
    <ClInclude Include="..\..\code\MS3DLoader.h">
      <Filter>sources\importers\ms3d</Filter>
    </ClInclude>
    <ClInclude Include="..\..\code\COBLoader.h">
      <Filter>sources\importers\cob</Filter>
    </ClInclude>
    <ClInclude Include="..\..\code\COBScene.h">
      <Filter>sources\importers\cob</Filter>
    </ClInclude>
    <ClInclude Include="..\..\code\BlenderBMesh.h">
      <Filter>sources\importers\blend</Filter>
    </ClInclude>
    <ClInclude Include="..\..\code\BlenderDNA.h">
      <Filter>sources\importers\blend</Filter>
    </ClInclude>
    <ClInclude Include="..\..\code\BlenderIntermediate.h">
      <Filter>sources\importers\blend</Filter>
    </ClInclude>
    <ClInclude Include="..\..\code\BlenderLoader.h">
      <Filter>sources\importers\blend</Filter>
    </ClInclude>
    <ClInclude Include="..\..\code\BlenderModifier.h">
      <Filter>sources\importers\blend</Filter>
    </ClInclude>
    <ClInclude Include="..\..\code\BlenderScene.h">
      <Filter>sources\importers\blend</Filter>
    </ClInclude>
    <ClInclude Include="..\..\code\BlenderSceneGen.h">
      <Filter>sources\importers\blend</Filter>
    </ClInclude>
    <ClInclude Include="..\..\code\BlenderTessellator.h">
      <Filter>sources\importers\blend</Filter>
    </ClInclude>
    <ClInclude Include="..\..\code\Q3BSPFileData.h">
      <Filter>sources\importers\q3bsp</Filter>
    </ClInclude>
    <ClInclude Include="..\..\code\Q3BSPFileImporter.h">
      <Filter>sources\importers\q3bsp</Filter>
    </ClInclude>
    <ClInclude Include="..\..\code\Q3BSPFileParser.h">
      <Filter>sources\importers\q3bsp</Filter>
    </ClInclude>
    <ClInclude Include="..\..\code\Q3BSPZipArchive.h">
      <Filter>sources\importers\q3bsp</Filter>
    </ClInclude>
    <ClInclude Include="..\..\code\MD2FileData.h">
      <Filter>sources\importers\md2</Filter>
    </ClInclude>
    <ClInclude Include="..\..\code\MD2Loader.h">
      <Filter>sources\importers\md2</Filter>
    </ClInclude>
    <ClInclude Include="..\..\code\MD2NormalTable.h">
      <Filter>sources\importers\md2</Filter>
    </ClInclude>
    <ClInclude Include="..\..\code\IFCLoader.h">
      <Filter>sources\importers\ifc</Filter>
    </ClInclude>
    <ClInclude Include="..\..\code\IFCReaderGen.h">
      <Filter>sources\importers\ifc</Filter>
    </ClInclude>
    <ClInclude Include="..\..\code\IFCUtil.h">
      <Filter>sources\importers\ifc</Filter>
    </ClInclude>
    <ClInclude Include="..\..\code\STEPFile.h">
      <Filter>sources\importers\ifc</Filter>
    </ClInclude>
    <ClInclude Include="..\..\code\STEPFileEncoding.h">
      <Filter>sources\importers\ifc</Filter>
    </ClInclude>
    <ClInclude Include="..\..\code\STEPFileReader.h">
      <Filter>sources\importers\ifc</Filter>
    </ClInclude>
    <ClInclude Include="..\..\code\XGLLoader.h">
      <Filter>sources\importers\xgl</Filter>
    </ClInclude>
    <ClInclude Include="..\..\code\FBXCompileConfig.h">
      <Filter>sources\importers\fbx</Filter>
    </ClInclude>
    <ClInclude Include="..\..\code\FBXConverter.h">
      <Filter>sources\importers\fbx</Filter>
    </ClInclude>
    <ClInclude Include="..\..\code\FBXDocument.h">
      <Filter>sources\importers\fbx</Filter>
    </ClInclude>
    <ClInclude Include="..\..\code\FBXDocumentUtil.h">
      <Filter>sources\importers\fbx</Filter>
    </ClInclude>
    <ClInclude Include="..\..\code\FBXImporter.h">
      <Filter>sources\importers\fbx</Filter>
    </ClInclude>
    <ClInclude Include="..\..\code\FBXImportSettings.h">
      <Filter>sources\importers\fbx</Filter>
    </ClInclude>
    <ClInclude Include="..\..\code\FBXParser.h">
      <Filter>sources\importers\fbx</Filter>
    </ClInclude>
    <ClInclude Include="..\..\code\FBXProperties.h">
      <Filter>sources\importers\fbx</Filter>
    </ClInclude>
    <ClInclude Include="..\..\code\FBXTokenizer.h">
      <Filter>sources\importers\fbx</Filter>
    </ClInclude>
    <ClInclude Include="..\..\code\FBXUtil.h">
      <Filter>sources\importers\fbx</Filter>
    </ClInclude>
    <ClInclude Include="..\..\code\BaseProcess.h">
      <Filter>sources\postprocessing</Filter>
    </ClInclude>
    <ClInclude Include="..\..\code\CalcTangentsProcess.h">
      <Filter>sources\postprocessing</Filter>
    </ClInclude>
    <ClInclude Include="..\..\code\ComputeUVMappingProcess.h">
      <Filter>sources\postprocessing</Filter>
    </ClInclude>
    <ClInclude Include="..\..\code\ConvertToLHProcess.h">
      <Filter>sources\postprocessing</Filter>
    </ClInclude>
    <ClInclude Include="..\..\code\DeboneProcess.h">
      <Filter>sources\postprocessing</Filter>
    </ClInclude>
    <ClInclude Include="..\..\code\FindDegenerates.h">
      <Filter>sources\postprocessing</Filter>
    </ClInclude>
    <ClInclude Include="..\..\code\FindInstancesProcess.h">
      <Filter>sources\postprocessing</Filter>
    </ClInclude>
    <ClInclude Include="..\..\code\FindInvalidDataProcess.h">
      <Filter>sources\postprocessing</Filter>
    </ClInclude>
    <ClInclude Include="..\..\code\FixNormalsStep.h">
      <Filter>sources\postprocessing</Filter>
    </ClInclude>
    <ClInclude Include="..\..\code\GenFaceNormalsProcess.h">
      <Filter>sources\postprocessing</Filter>
    </ClInclude>
    <ClInclude Include="..\..\code\GenVertexNormalsProcess.h">
      <Filter>sources\postprocessing</Filter>
    </ClInclude>
    <ClInclude Include="..\..\code\ImproveCacheLocality.h">
      <Filter>sources\postprocessing</Filter>
    </ClInclude>
    <ClInclude Include="..\..\code\JoinVerticesProcess.h">
      <Filter>sources\postprocessing</Filter>
    </ClInclude>
    <ClInclude Include="..\..\code\LimitBoneWeightsProcess.h">
      <Filter>sources\postprocessing</Filter>
    </ClInclude>
    <ClInclude Include="..\..\code\MakeVerboseFormat.h">
      <Filter>sources\postprocessing</Filter>
    </ClInclude>
    <ClInclude Include="..\..\code\OptimizeGraph.h">
      <Filter>sources\postprocessing</Filter>
    </ClInclude>
    <ClInclude Include="..\..\code\OptimizeMeshes.h">
      <Filter>sources\postprocessing</Filter>
    </ClInclude>
    <ClInclude Include="..\..\code\PretransformVertices.h">
      <Filter>sources\postprocessing</Filter>
    </ClInclude>
    <ClInclude Include="..\..\code\ProcessHelper.h">
      <Filter>sources\postprocessing</Filter>
    </ClInclude>
    <ClInclude Include="..\..\code\RemoveRedundantMaterials.h">
      <Filter>sources\postprocessing</Filter>
    </ClInclude>
    <ClInclude Include="..\..\code\RemoveVCProcess.h">
      <Filter>sources\postprocessing</Filter>
    </ClInclude>
    <ClInclude Include="..\..\code\SortByPTypeProcess.h">
      <Filter>sources\postprocessing</Filter>
    </ClInclude>
    <ClInclude Include="..\..\code\SplitByBoneCountProcess.h">
      <Filter>sources\postprocessing</Filter>
    </ClInclude>
    <ClInclude Include="..\..\code\SplitLargeMeshes.h">
      <Filter>sources\postprocessing</Filter>
    </ClInclude>
    <ClInclude Include="..\..\code\TextureTransform.h">
      <Filter>sources\postprocessing</Filter>
    </ClInclude>
    <ClInclude Include="..\..\code\TriangulateProcess.h">
      <Filter>sources\postprocessing</Filter>
    </ClInclude>
    <ClInclude Include="..\..\code\ValidateDataStructure.h">
      <Filter>sources\postprocessing</Filter>
    </ClInclude>
    <ClInclude Include="..\..\code\AssimpPCH.h">
      <Filter>sources\core</Filter>
    </ClInclude>
    <ClInclude Include="..\..\code\ByteSwap.h">
      <Filter>sources\core</Filter>
    </ClInclude>
    <ClInclude Include="..\..\code\Exceptional.h">
      <Filter>sources\core</Filter>
    </ClInclude>
    <ClInclude Include="..\..\code\GenericProperty.h">
      <Filter>sources\core</Filter>
    </ClInclude>
    <ClInclude Include="..\..\code\Hash.h">
      <Filter>sources\core</Filter>
    </ClInclude>
    <ClInclude Include="..\..\code\LogAux.h">
      <Filter>sources\core</Filter>
    </ClInclude>
    <ClInclude Include="..\..\code\MaterialSystem.h">
      <Filter>sources\core</Filter>
    </ClInclude>
    <ClInclude Include="..\..\code\PolyTools.h">
      <Filter>sources\core</Filter>
    </ClInclude>
    <ClInclude Include="..\..\code\Profiler.h">
      <Filter>sources\core</Filter>
    </ClInclude>
    <ClInclude Include="..\..\code\qnan.h">
      <Filter>sources\core</Filter>
    </ClInclude>
    <ClInclude Include="..\..\code\ScenePrivate.h">
      <Filter>sources\core</Filter>
    </ClInclude>
    <ClInclude Include="..\..\code\StandardShapes.h">
      <Filter>sources\core</Filter>
    </ClInclude>
    <ClInclude Include="..\..\code\StringComparison.h">
      <Filter>sources\core</Filter>
    </ClInclude>
    <ClInclude Include="..\..\code\TinyFormatter.h">
      <Filter>sources\core</Filter>
    </ClInclude>
    <ClInclude Include="..\..\code\Vertex.h">
      <Filter>sources\core</Filter>
    </ClInclude>
    <ClInclude Include="..\..\code\FileLogStream.h">
      <Filter>sources\logging</Filter>
    </ClInclude>
    <ClInclude Include="..\..\code\StdOStreamLogStream.h">
      <Filter>sources\logging</Filter>
    </ClInclude>
    <ClInclude Include="..\..\code\Win32DebugLogStream.h">
      <Filter>sources\logging</Filter>
    </ClInclude>
    <ClInclude Include="..\..\code\CInterfaceIOWrapper.h">
      <Filter>sources\filesystem</Filter>
    </ClInclude>
    <ClInclude Include="..\..\code\DefaultIOStream.h">
      <Filter>sources\filesystem</Filter>
    </ClInclude>
    <ClInclude Include="..\..\code\DefaultIOSystem.h">
      <Filter>sources\filesystem</Filter>
    </ClInclude>
    <ClInclude Include="..\..\code\FileSystemFilter.h">
      <Filter>sources\filesystem</Filter>
    </ClInclude>
    <ClInclude Include="..\..\code\MemoryIOWrapper.h">
      <Filter>sources\filesystem</Filter>
    </ClInclude>
    <ClInclude Include="..\..\code\BaseImporter.h">
      <Filter>sources\core_import</Filter>
    </ClInclude>
    <ClInclude Include="..\..\code\DefaultProgressHandler.h">
      <Filter>sources\core_import</Filter>
    </ClInclude>
    <ClInclude Include="..\..\code\fast_atof.h">
      <Filter>sources\core_import</Filter>
    </ClInclude>
    <ClInclude Include="..\..\code\IFF.h">
      <Filter>sources\core_import</Filter>
    </ClInclude>
    <ClInclude Include="..\..\code\Importer.h">
      <Filter>sources\core_import</Filter>
    </ClInclude>
    <ClInclude Include="..\..\code\LineSplitter.h">
      <Filter>sources\core_import</Filter>
    </ClInclude>
    <ClInclude Include="..\..\code\ParsingUtils.h">
      <Filter>sources\core_import</Filter>
    </ClInclude>
    <ClInclude Include="..\..\code\RemoveComments.h">
      <Filter>sources\core_import</Filter>
    </ClInclude>
    <ClInclude Include="..\..\code\SceneCombiner.h">
      <Filter>sources\core_import</Filter>
    </ClInclude>
    <ClInclude Include="..\..\code\ScenePreprocessor.h">
      <Filter>sources\core_import</Filter>
    </ClInclude>
    <ClInclude Include="..\..\code\SGSpatialSort.h">
      <Filter>sources\core_import</Filter>
    </ClInclude>
    <ClInclude Include="..\..\code\SkeletonMeshBuilder.h">
      <Filter>sources\core_import</Filter>
    </ClInclude>
    <ClInclude Include="..\..\code\SmoothingGroups.h">
      <Filter>sources\core_import</Filter>
    </ClInclude>
    <ClInclude Include="..\..\code\SpatialSort.h">
      <Filter>sources\core_import</Filter>
    </ClInclude>
    <ClInclude Include="..\..\code\StreamReader.h">
      <Filter>sources\core_import</Filter>
    </ClInclude>
    <ClInclude Include="..\..\code\Subdivision.h">
      <Filter>sources\core_import</Filter>
    </ClInclude>
    <ClInclude Include="..\..\code\TargetAnimation.h">
      <Filter>sources\core_import</Filter>
    </ClInclude>
    <ClInclude Include="..\..\code\VertexTriangleAdjacency.h">
      <Filter>sources\core_import</Filter>
    </ClInclude>
    <ClInclude Include="..\..\contrib\irrXML\CXMLReaderImpl.h">
      <Filter>sources\extern\irrXML</Filter>
    </ClInclude>
    <ClInclude Include="..\..\contrib\irrXML\fast_atof.h">
      <Filter>sources\extern\irrXML</Filter>
    </ClInclude>
    <ClInclude Include="..\..\contrib\irrXML\heapsort.h">
      <Filter>sources\extern\irrXML</Filter>
    </ClInclude>
    <ClInclude Include="..\..\contrib\irrXML\irrArray.h">
      <Filter>sources\extern\irrXML</Filter>
    </ClInclude>
    <ClInclude Include="..\..\contrib\irrXML\irrString.h">
      <Filter>sources\extern\irrXML</Filter>
    </ClInclude>
    <ClInclude Include="..\..\contrib\irrXML\irrTypes.h">
      <Filter>sources\extern\irrXML</Filter>
    </ClInclude>
    <ClInclude Include="..\..\contrib\irrXML\irrXML.h">
      <Filter>sources\extern\irrXML</Filter>
    </ClInclude>
    <ClInclude Include="..\..\code\irrXMLWrapper.h">
      <Filter>sources\extern\irrXML</Filter>
    </ClInclude>
    <ClInclude Include="..\..\contrib\zlib\crc32.h">
      <Filter>sources\extern\zLib</Filter>
    </ClInclude>
    <ClInclude Include="..\..\contrib\unzip\crypt.h">
      <Filter>sources\extern\zLib</Filter>
    </ClInclude>
    <ClInclude Include="..\..\contrib\zlib\inffast.h">
      <Filter>sources\extern\zLib</Filter>
    </ClInclude>
    <ClInclude Include="..\..\contrib\zlib\inffixed.h">
      <Filter>sources\extern\zLib</Filter>
    </ClInclude>
    <ClInclude Include="..\..\contrib\zlib\inflate.h">
      <Filter>sources\extern\zLib</Filter>
    </ClInclude>
    <ClInclude Include="..\..\contrib\zlib\inftrees.h">
      <Filter>sources\extern\zLib</Filter>
    </ClInclude>
    <ClInclude Include="..\..\contrib\unzip\ioapi.h">
      <Filter>sources\extern\zLib</Filter>
    </ClInclude>
    <ClInclude Include="..\..\contrib\unzip\unzip.h">
      <Filter>sources\extern\zLib</Filter>
    </ClInclude>
    <ClInclude Include="..\..\contrib\zlib\zconf.h">
      <Filter>sources\extern\zLib</Filter>
    </ClInclude>
    <ClInclude Include="..\..\contrib\zlib\zconf.in.h">
      <Filter>sources\extern\zLib</Filter>
    </ClInclude>
    <ClInclude Include="..\..\contrib\zlib\zlib.h">
      <Filter>sources\extern\zLib</Filter>
    </ClInclude>
    <ClInclude Include="..\..\contrib\zlib\zutil.h">
      <Filter>sources\extern\zLib</Filter>
    </ClInclude>
    <ClInclude Include="..\..\contrib\ConvertUTF\ConvertUTF.h">
      <Filter>sources\extern\ConvertUTF</Filter>
    </ClInclude>
    <ClInclude Include="..\..\contrib\poly2tri\poly2tri\sweep\advancing_front.h">
      <Filter>sources\extern\poly2tri</Filter>
    </ClInclude>
    <ClInclude Include="..\..\contrib\poly2tri\poly2tri\sweep\cdt.h">
      <Filter>sources\extern\poly2tri</Filter>
    </ClInclude>
    <ClInclude Include="..\..\contrib\poly2tri\poly2tri\poly2tri.h">
      <Filter>sources\extern\poly2tri</Filter>
    </ClInclude>
    <ClInclude Include="..\..\contrib\poly2tri\poly2tri\common\shapes.h">
      <Filter>sources\extern\poly2tri</Filter>
    </ClInclude>
    <ClInclude Include="..\..\contrib\poly2tri\poly2tri\sweep\sweep.h">
      <Filter>sources\extern\poly2tri</Filter>
    </ClInclude>
    <ClInclude Include="..\..\contrib\poly2tri\poly2tri\sweep\sweep_context.h">
      <Filter>sources\extern\poly2tri</Filter>
    </ClInclude>
    <ClInclude Include="..\..\contrib\poly2tri\poly2tri\common\utils.h">
      <Filter>sources\extern\poly2tri</Filter>
    </ClInclude>
    <ClInclude Include="..\..\contrib\clipper\clipper.hpp">
      <Filter>sources\extern\clipper</Filter>
    </ClInclude>
    <ClInclude Include="..\..\code\BoostWorkaround\boost\foreach.hpp">
      <Filter>sources\noboost</Filter>
    </ClInclude>
    <ClInclude Include="..\..\code\BoostWorkaround\boost\format.hpp">
      <Filter>sources\noboost</Filter>
    </ClInclude>
    <ClInclude Include="..\..\code\BoostWorkaround\boost\lexical_cast.hpp">
      <Filter>sources\noboost</Filter>
    </ClInclude>
    <ClInclude Include="..\..\code\BoostWorkaround\boost\make_shared.hpp">
      <Filter>sources\noboost</Filter>
    </ClInclude>
    <ClInclude Include="..\..\code\BoostWorkaround\boost\pointer_cast.hpp">
      <Filter>sources\noboost</Filter>
    </ClInclude>
    <ClInclude Include="..\..\code\BoostWorkaround\boost\scoped_array.hpp">
      <Filter>sources\noboost</Filter>
    </ClInclude>
    <ClInclude Include="..\..\code\BoostWorkaround\boost\scoped_ptr.hpp">
      <Filter>sources\noboost</Filter>
    </ClInclude>
    <ClInclude Include="..\..\code\BoostWorkaround\boost\shared_array.hpp">
      <Filter>sources\noboost</Filter>
    </ClInclude>
    <ClInclude Include="..\..\code\BoostWorkaround\boost\shared_ptr.hpp">
      <Filter>sources\noboost</Filter>
    </ClInclude>
    <ClInclude Include="..\..\code\BoostWorkaround\boost\static_assert.hpp">
      <Filter>sources\noboost</Filter>
    </ClInclude>
    <ClInclude Include="..\..\code\BoostWorkaround\boost\tuple\tuple.hpp">
      <Filter>sources\noboost\tuple</Filter>
    </ClInclude>
    <ClInclude Include="..\..\code\BoostWorkaround\boost\math\common_factor_rt.hpp">
      <Filter>sources\noboost\math</Filter>
    </ClInclude>
    <ClInclude Include="..\..\code\BlobIOSystem.h">
      <Filter>sources\core_export</Filter>
    </ClInclude>
    <ClInclude Include="..\..\code\ColladaExporter.h">
      <Filter>sources\exporters\collada</Filter>
    </ClInclude>
    <ClInclude Include="..\..\code\ObjExporter.h">
      <Filter>sources\exporters\obj</Filter>
    </ClInclude>
    <ClInclude Include="..\..\code\STLExporter.h">
      <Filter>sources\exporters\stl</Filter>
    </ClInclude>
    <ClInclude Include="..\..\code\PlyExporter.h">
      <Filter>sources\exporters\ply</Filter>
    </ClInclude>
  </ItemGroup>
  <ItemGroup>
    <None Include="..\..\include\assimp\color4.inl">
      <Filter>include\Common</Filter>
    </None>
    <None Include="..\..\include\assimp\material.inl">
      <Filter>include\Common</Filter>
    </None>
    <None Include="..\..\include\assimp\matrix3x3.inl">
      <Filter>include\Common</Filter>
    </None>
    <None Include="..\..\include\assimp\matrix4x4.inl">
      <Filter>include\Common</Filter>
    </None>
    <None Include="..\..\include\assimp\quaternion.inl">
      <Filter>include\Common</Filter>
    </None>
    <None Include="..\..\include\assimp\vector2.inl">
      <Filter>include\Common</Filter>
    </None>
    <None Include="..\..\include\assimp\vector3.inl">
      <Filter>include\Common</Filter>
    </None>
    <None Include="..\..\code\BlenderDNA.inl">
      <Filter>sources\importers\blend</Filter>
    </None>
    <None Include="..\..\code\SmoothingGroups.inl">
      <Filter>sources\core_import</Filter>
    </None>
  </ItemGroup>
  <ItemGroup>
    <ClCompile Include="..\..\code\3DSConverter.cpp">
      <Filter>sources\importers\3ds</Filter>
    </ClCompile>
    <ClCompile Include="..\..\code\3DSLoader.cpp">
      <Filter>sources\importers\3ds</Filter>
    </ClCompile>
    <ClCompile Include="..\..\code\ASELoader.cpp">
      <Filter>sources\importers\ase</Filter>
    </ClCompile>
    <ClCompile Include="..\..\code\ASEParser.cpp">
      <Filter>sources\importers\ase</Filter>
    </ClCompile>
    <ClCompile Include="..\..\code\HMPLoader.cpp">
      <Filter>sources\importers\hmp</Filter>
    </ClCompile>
    <ClCompile Include="..\..\code\LWOBLoader.cpp">
      <Filter>sources\importers\lwo</Filter>
    </ClCompile>
    <ClCompile Include="..\..\code\LWOLoader.cpp">
      <Filter>sources\importers\lwo</Filter>
    </ClCompile>
    <ClCompile Include="..\..\code\LWOMaterial.cpp">
      <Filter>sources\importers\lwo</Filter>
    </ClCompile>
    <ClCompile Include="..\..\code\MD3Loader.cpp">
      <Filter>sources\importers\md3</Filter>
    </ClCompile>
    <ClCompile Include="..\..\code\MD5Loader.cpp">
      <Filter>sources\importers\md5</Filter>
    </ClCompile>
    <ClCompile Include="..\..\code\MD5Parser.cpp">
      <Filter>sources\importers\md5</Filter>
    </ClCompile>
    <ClCompile Include="..\..\code\MDCLoader.cpp">
      <Filter>sources\importers\mdc</Filter>
    </ClCompile>
    <ClCompile Include="..\..\code\MDLLoader.cpp">
      <Filter>sources\importers\mdl</Filter>
    </ClCompile>
    <ClCompile Include="..\..\code\MDLMaterialLoader.cpp">
      <Filter>sources\importers\mdl</Filter>
    </ClCompile>
    <ClCompile Include="..\..\code\ObjFileImporter.cpp">
      <Filter>sources\importers\obj</Filter>
    </ClCompile>
    <ClCompile Include="..\..\code\ObjFileMtlImporter.cpp">
      <Filter>sources\importers\obj</Filter>
    </ClCompile>
    <ClCompile Include="..\..\code\ObjFileParser.cpp">
      <Filter>sources\importers\obj</Filter>
    </ClCompile>
    <ClCompile Include="..\..\code\PlyLoader.cpp">
      <Filter>sources\importers\ply</Filter>
    </ClCompile>
    <ClCompile Include="..\..\code\PlyParser.cpp">
      <Filter>sources\importers\ply</Filter>
    </ClCompile>
    <ClCompile Include="..\..\code\SMDLoader.cpp">
      <Filter>sources\importers\smd</Filter>
    </ClCompile>
    <ClCompile Include="..\..\code\STLLoader.cpp">
      <Filter>sources\importers\stl</Filter>
    </ClCompile>
    <ClCompile Include="..\..\code\XFileImporter.cpp">
      <Filter>sources\importers\x</Filter>
    </ClCompile>
    <ClCompile Include="..\..\code\XFileParser.cpp">
      <Filter>sources\importers\x</Filter>
    </ClCompile>
    <ClCompile Include="..\..\code\DXFLoader.cpp">
      <Filter>sources\importers\dxf</Filter>
    </ClCompile>
    <ClCompile Include="..\..\code\RawLoader.cpp">
      <Filter>sources\importers\raw</Filter>
    </ClCompile>
    <ClCompile Include="..\..\code\NFFLoader.cpp">
      <Filter>sources\importers\nff</Filter>
    </ClCompile>
    <ClCompile Include="..\..\code\OFFLoader.cpp">
      <Filter>sources\importers\off</Filter>
    </ClCompile>
    <ClCompile Include="..\..\code\ACLoader.cpp">
      <Filter>sources\importers\ac</Filter>
    </ClCompile>
    <ClCompile Include="..\..\code\LWOAnimation.cpp">
      <Filter>sources\importers\lws</Filter>
    </ClCompile>
    <ClCompile Include="..\..\code\LWSLoader.cpp">
      <Filter>sources\importers\lws</Filter>
    </ClCompile>
    <ClCompile Include="..\..\code\BVHLoader.cpp">
      <Filter>sources\importers\bvh</Filter>
    </ClCompile>
    <ClCompile Include="..\..\code\IRRMeshLoader.cpp">
      <Filter>sources\importers\irrmesh</Filter>
    </ClCompile>
    <ClCompile Include="..\..\code\IRRLoader.cpp">
      <Filter>sources\importers\irr</Filter>
    </ClCompile>
    <ClCompile Include="..\..\code\IRRShared.cpp">
      <Filter>sources\importers\irr</Filter>
    </ClCompile>
    <ClCompile Include="..\..\code\Q3DLoader.cpp">
      <Filter>sources\importers\q3d</Filter>
    </ClCompile>
    <ClCompile Include="..\..\code\B3DImporter.cpp">
      <Filter>sources\importers\b3d</Filter>
    </ClCompile>
    <ClCompile Include="..\..\code\ColladaLoader.cpp">
      <Filter>sources\importers\collada</Filter>
    </ClCompile>
    <ClCompile Include="..\..\code\ColladaParser.cpp">
      <Filter>sources\importers\collada</Filter>
    </ClCompile>
    <ClCompile Include="..\..\code\TerragenLoader.cpp">
      <Filter>sources\importers\ter</Filter>
    </ClCompile>
    <ClCompile Include="..\..\code\CSMLoader.cpp">
      <Filter>sources\importers\csm</Filter>
    </ClCompile>
    <ClCompile Include="..\..\code\UnrealLoader.cpp">
      <Filter>sources\importers\unreal</Filter>
    </ClCompile>
    <ClCompile Include="..\..\code\NDOLoader.cpp">
      <Filter>sources\importers\ndo</Filter>
    </ClCompile>
    <ClCompile Include="..\..\code\OgreImporter.cpp">
      <Filter>sources\importers\ogre</Filter>
    </ClCompile>
    <ClCompile Include="..\..\code\OgreMaterial.cpp">
      <Filter>sources\importers\ogre</Filter>
    </ClCompile>
    <ClCompile Include="..\..\code\OgreMesh.cpp">
      <Filter>sources\importers\ogre</Filter>
    </ClCompile>
    <ClCompile Include="..\..\code\OgreSkeleton.cpp">
      <Filter>sources\importers\ogre</Filter>
    </ClCompile>
    <ClCompile Include="..\..\code\MS3DLoader.cpp">
      <Filter>sources\importers\ms3d</Filter>
    </ClCompile>
    <ClCompile Include="..\..\code\COBLoader.cpp">
      <Filter>sources\importers\cob</Filter>
    </ClCompile>
    <ClCompile Include="..\..\code\BlenderBMesh.cpp">
      <Filter>sources\importers\blend</Filter>
    </ClCompile>
    <ClCompile Include="..\..\code\BlenderDNA.cpp">
      <Filter>sources\importers\blend</Filter>
    </ClCompile>
    <ClCompile Include="..\..\code\BlenderLoader.cpp">
      <Filter>sources\importers\blend</Filter>
    </ClCompile>
    <ClCompile Include="..\..\code\BlenderModifier.cpp">
      <Filter>sources\importers\blend</Filter>
    </ClCompile>
    <ClCompile Include="..\..\code\BlenderScene.cpp">
      <Filter>sources\importers\blend</Filter>
    </ClCompile>
    <ClCompile Include="..\..\code\BlenderTessellator.cpp">
      <Filter>sources\importers\blend</Filter>
    </ClCompile>
    <ClCompile Include="..\..\code\Q3BSPFileImporter.cpp">
      <Filter>sources\importers\q3bsp</Filter>
    </ClCompile>
    <ClCompile Include="..\..\code\Q3BSPFileParser.cpp">
      <Filter>sources\importers\q3bsp</Filter>
    </ClCompile>
    <ClCompile Include="..\..\code\Q3BSPZipArchive.cpp">
      <Filter>sources\importers\q3bsp</Filter>
    </ClCompile>
    <ClCompile Include="..\..\code\MD2Loader.cpp">
      <Filter>sources\importers\md2</Filter>
    </ClCompile>
    <ClCompile Include="..\..\code\IfcBoolean.cpp">
      <Filter>sources\importers\ifc</Filter>
    </ClCompile>
    <ClCompile Include="..\..\code\IFCCurve.cpp">
      <Filter>sources\importers\ifc</Filter>
    </ClCompile>
    <ClCompile Include="..\..\code\IFCGeometry.cpp">
      <Filter>sources\importers\ifc</Filter>
    </ClCompile>
    <ClCompile Include="..\..\code\IFCLoader.cpp">
      <Filter>sources\importers\ifc</Filter>
    </ClCompile>
    <ClCompile Include="..\..\code\IFCMaterial.cpp">
      <Filter>sources\importers\ifc</Filter>
    </ClCompile>
    <ClCompile Include="..\..\code\IFCOpenings.cpp">
      <Filter>sources\importers\ifc</Filter>
    </ClCompile>
    <ClCompile Include="..\..\code\IFCProfile.cpp">
      <Filter>sources\importers\ifc</Filter>
    </ClCompile>
    <ClCompile Include="..\..\code\IFCReaderGen.cpp">
      <Filter>sources\importers\ifc</Filter>
    </ClCompile>
    <ClCompile Include="..\..\code\IFCUtil.cpp">
      <Filter>sources\importers\ifc</Filter>
    </ClCompile>
    <ClCompile Include="..\..\code\STEPFileEncoding.cpp">
      <Filter>sources\importers\ifc</Filter>
    </ClCompile>
    <ClCompile Include="..\..\code\STEPFileReader.cpp">
      <Filter>sources\importers\ifc</Filter>
    </ClCompile>
    <ClCompile Include="..\..\code\XGLLoader.cpp">
      <Filter>sources\importers\xgl</Filter>
    </ClCompile>
    <ClCompile Include="..\..\code\FBXAnimation.cpp">
      <Filter>sources\importers\fbx</Filter>
    </ClCompile>
    <ClCompile Include="..\..\code\FBXBinaryTokenizer.cpp">
      <Filter>sources\importers\fbx</Filter>
    </ClCompile>
    <ClCompile Include="..\..\code\FBXConverter.cpp">
      <Filter>sources\importers\fbx</Filter>
    </ClCompile>
    <ClCompile Include="..\..\code\FBXDeformer.cpp">
      <Filter>sources\importers\fbx</Filter>
    </ClCompile>
    <ClCompile Include="..\..\code\FBXDocument.cpp">
      <Filter>sources\importers\fbx</Filter>
    </ClCompile>
    <ClCompile Include="..\..\code\FBXDocumentUtil.cpp">
      <Filter>sources\importers\fbx</Filter>
    </ClCompile>
    <ClCompile Include="..\..\code\FBXImporter.cpp">
      <Filter>sources\importers\fbx</Filter>
    </ClCompile>
    <ClCompile Include="..\..\code\FBXMaterial.cpp">
      <Filter>sources\importers\fbx</Filter>
    </ClCompile>
    <ClCompile Include="..\..\code\FBXMeshGeometry.cpp">
      <Filter>sources\importers\fbx</Filter>
    </ClCompile>
    <ClCompile Include="..\..\code\FBXModel.cpp">
      <Filter>sources\importers\fbx</Filter>
    </ClCompile>
    <ClCompile Include="..\..\code\FBXNodeAttribute.cpp">
      <Filter>sources\importers\fbx</Filter>
    </ClCompile>
    <ClCompile Include="..\..\code\FBXParser.cpp">
      <Filter>sources\importers\fbx</Filter>
    </ClCompile>
    <ClCompile Include="..\..\code\FBXProperties.cpp">
      <Filter>sources\importers\fbx</Filter>
    </ClCompile>
    <ClCompile Include="..\..\code\FBXTokenizer.cpp">
      <Filter>sources\importers\fbx</Filter>
    </ClCompile>
    <ClCompile Include="..\..\code\FBXUtil.cpp">
      <Filter>sources\importers\fbx</Filter>
    </ClCompile>
    <ClCompile Include="..\..\code\BaseProcess.cpp">
      <Filter>sources\postprocessing</Filter>
    </ClCompile>
    <ClCompile Include="..\..\code\CalcTangentsProcess.cpp">
      <Filter>sources\postprocessing</Filter>
    </ClCompile>
    <ClCompile Include="..\..\code\ComputeUVMappingProcess.cpp">
      <Filter>sources\postprocessing</Filter>
    </ClCompile>
    <ClCompile Include="..\..\code\ConvertToLHProcess.cpp">
      <Filter>sources\postprocessing</Filter>
    </ClCompile>
    <ClCompile Include="..\..\code\DeboneProcess.cpp">
      <Filter>sources\postprocessing</Filter>
    </ClCompile>
    <ClCompile Include="..\..\code\FindDegenerates.cpp">
      <Filter>sources\postprocessing</Filter>
    </ClCompile>
    <ClCompile Include="..\..\code\FindInstancesProcess.cpp">
      <Filter>sources\postprocessing</Filter>
    </ClCompile>
    <ClCompile Include="..\..\code\FindInvalidDataProcess.cpp">
      <Filter>sources\postprocessing</Filter>
    </ClCompile>
    <ClCompile Include="..\..\code\FixNormalsStep.cpp">
      <Filter>sources\postprocessing</Filter>
    </ClCompile>
    <ClCompile Include="..\..\code\GenFaceNormalsProcess.cpp">
      <Filter>sources\postprocessing</Filter>
    </ClCompile>
    <ClCompile Include="..\..\code\GenVertexNormalsProcess.cpp">
      <Filter>sources\postprocessing</Filter>
    </ClCompile>
    <ClCompile Include="..\..\code\ImproveCacheLocality.cpp">
      <Filter>sources\postprocessing</Filter>
    </ClCompile>
    <ClCompile Include="..\..\code\JoinVerticesProcess.cpp">
      <Filter>sources\postprocessing</Filter>
    </ClCompile>
    <ClCompile Include="..\..\code\LimitBoneWeightsProcess.cpp">
      <Filter>sources\postprocessing</Filter>
    </ClCompile>
    <ClCompile Include="..\..\code\MakeVerboseFormat.cpp">
      <Filter>sources\postprocessing</Filter>
    </ClCompile>
    <ClCompile Include="..\..\code\OptimizeGraph.cpp">
      <Filter>sources\postprocessing</Filter>
    </ClCompile>
    <ClCompile Include="..\..\code\OptimizeMeshes.cpp">
      <Filter>sources\postprocessing</Filter>
    </ClCompile>
    <ClCompile Include="..\..\code\PretransformVertices.cpp">
      <Filter>sources\postprocessing</Filter>
    </ClCompile>
    <ClCompile Include="..\..\code\ProcessHelper.cpp">
      <Filter>sources\postprocessing</Filter>
    </ClCompile>
    <ClCompile Include="..\..\code\RemoveRedundantMaterials.cpp">
      <Filter>sources\postprocessing</Filter>
    </ClCompile>
    <ClCompile Include="..\..\code\RemoveVCProcess.cpp">
      <Filter>sources\postprocessing</Filter>
    </ClCompile>
    <ClCompile Include="..\..\code\SortByPTypeProcess.cpp">
      <Filter>sources\postprocessing</Filter>
    </ClCompile>
    <ClCompile Include="..\..\code\SplitByBoneCountProcess.cpp">
      <Filter>sources\postprocessing</Filter>
    </ClCompile>
    <ClCompile Include="..\..\code\SplitLargeMeshes.cpp">
      <Filter>sources\postprocessing</Filter>
    </ClCompile>
    <ClCompile Include="..\..\code\TextureTransform.cpp">
      <Filter>sources\postprocessing</Filter>
    </ClCompile>
    <ClCompile Include="..\..\code\TriangulateProcess.cpp">
      <Filter>sources\postprocessing</Filter>
    </ClCompile>
    <ClCompile Include="..\..\code\ValidateDataStructure.cpp">
      <Filter>sources\postprocessing</Filter>
    </ClCompile>
    <ClCompile Include="..\..\code\AssimpPCH.cpp">
      <Filter>sources\core</Filter>
    </ClCompile>
    <ClCompile Include="..\..\code\MaterialSystem.cpp">
      <Filter>sources\core</Filter>
    </ClCompile>
    <ClCompile Include="..\..\code\StandardShapes.cpp">
      <Filter>sources\core</Filter>
    </ClCompile>
    <ClCompile Include="..\..\code\DefaultLogger.cpp">
      <Filter>sources\logging</Filter>
    </ClCompile>
    <ClCompile Include="..\..\code\DefaultIOStream.cpp">
      <Filter>sources\filesystem</Filter>
    </ClCompile>
    <ClCompile Include="..\..\code\DefaultIOSystem.cpp">
      <Filter>sources\filesystem</Filter>
    </ClCompile>
    <ClCompile Include="..\..\code\Assimp.cpp">
      <Filter>sources\core_import</Filter>
    </ClCompile>
    <ClCompile Include="..\..\code\BaseImporter.cpp">
      <Filter>sources\core_import</Filter>
    </ClCompile>
    <ClCompile Include="..\..\code\Importer.cpp">
      <Filter>sources\core_import</Filter>
    </ClCompile>
    <ClCompile Include="..\..\code\ImporterRegistry.cpp">
      <Filter>sources\core_import</Filter>
    </ClCompile>
    <ClCompile Include="..\..\code\PostStepRegistry.cpp">
      <Filter>sources\core_import</Filter>
    </ClCompile>
    <ClCompile Include="..\..\code\RemoveComments.cpp">
      <Filter>sources\core_import</Filter>
    </ClCompile>
    <ClCompile Include="..\..\code\SceneCombiner.cpp">
      <Filter>sources\core_import</Filter>
    </ClCompile>
    <ClCompile Include="..\..\code\ScenePreprocessor.cpp">
      <Filter>sources\core_import</Filter>
    </ClCompile>
    <ClCompile Include="..\..\code\SGSpatialSort.cpp">
      <Filter>sources\core_import</Filter>
    </ClCompile>
    <ClCompile Include="..\..\code\SkeletonMeshBuilder.cpp">
      <Filter>sources\core_import</Filter>
    </ClCompile>
    <ClCompile Include="..\..\code\SpatialSort.cpp">
      <Filter>sources\core_import</Filter>
    </ClCompile>
    <ClCompile Include="..\..\code\Subdivision.cpp">
      <Filter>sources\core_import</Filter>
    </ClCompile>
    <ClCompile Include="..\..\code\TargetAnimation.cpp">
      <Filter>sources\core_import</Filter>
    </ClCompile>
    <ClCompile Include="..\..\code\VertexTriangleAdjacency.cpp">
      <Filter>sources\core_import</Filter>
    </ClCompile>
    <ClCompile Include="..\..\contrib\irrXML\irrXML.cpp">
      <Filter>sources\extern\irrXML</Filter>
    </ClCompile>
    <ClCompile Include="..\..\contrib\zlib\adler32.c">
      <Filter>sources\extern\zLib</Filter>
    </ClCompile>
    <ClCompile Include="..\..\contrib\zlib\crc32.c">
      <Filter>sources\extern\zLib</Filter>
    </ClCompile>
    <ClCompile Include="..\..\contrib\zlib\inffast.c">
      <Filter>sources\extern\zLib</Filter>
    </ClCompile>
    <ClCompile Include="..\..\contrib\zlib\inflate.c">
      <Filter>sources\extern\zLib</Filter>
    </ClCompile>
    <ClCompile Include="..\..\contrib\zlib\inftrees.c">
      <Filter>sources\extern\zLib</Filter>
    </ClCompile>
    <ClCompile Include="..\..\contrib\unzip\ioapi.c">
      <Filter>sources\extern\zLib</Filter>
    </ClCompile>
    <ClCompile Include="..\..\contrib\unzip\unzip.c">
      <Filter>sources\extern\zLib</Filter>
    </ClCompile>
    <ClCompile Include="..\..\contrib\zlib\zutil.c">
      <Filter>sources\extern\zLib</Filter>
    </ClCompile>
    <ClCompile Include="..\..\contrib\ConvertUTF\ConvertUTF.c">
      <Filter>sources\extern\ConvertUTF</Filter>
    </ClCompile>
    <ClCompile Include="..\..\contrib\poly2tri\poly2tri\sweep\advancing_front.cc">
      <Filter>sources\extern\poly2tri</Filter>
    </ClCompile>
    <ClCompile Include="..\..\contrib\poly2tri\poly2tri\sweep\cdt.cc">
      <Filter>sources\extern\poly2tri</Filter>
    </ClCompile>
    <ClCompile Include="..\..\contrib\poly2tri\poly2tri\common\shapes.cc">
      <Filter>sources\extern\poly2tri</Filter>
    </ClCompile>
    <ClCompile Include="..\..\contrib\poly2tri\poly2tri\sweep\sweep.cc">
      <Filter>sources\extern\poly2tri</Filter>
    </ClCompile>
    <ClCompile Include="..\..\contrib\poly2tri\poly2tri\sweep\sweep_context.cc">
      <Filter>sources\extern\poly2tri</Filter>
    </ClCompile>
    <ClCompile Include="..\..\contrib\clipper\clipper.cpp">
      <Filter>sources\extern\clipper</Filter>
    </ClCompile>
    <ClCompile Include="..\..\code\AssimpCExport.cpp">
      <Filter>sources\core_export</Filter>
    </ClCompile>
    <ClCompile Include="..\..\code\Exporter.cpp">
      <Filter>sources\core_export</Filter>
    </ClCompile>
    <ClCompile Include="..\..\code\ColladaExporter.cpp">
      <Filter>sources\exporters\collada</Filter>
    </ClCompile>
    <ClCompile Include="..\..\code\ObjExporter.cpp">
      <Filter>sources\exporters\obj</Filter>
    </ClCompile>
    <ClCompile Include="..\..\code\STLExporter.cpp">
      <Filter>sources\exporters\stl</Filter>
    </ClCompile>
    <ClCompile Include="..\..\code\PlyExporter.cpp">
      <Filter>sources\exporters\ply</Filter>
    </ClCompile>
  </ItemGroup>
</Project>