<?xml version="1.0" encoding="utf-8"?>
<Project ToolsVersion="4.0" xmlns="http://schemas.microsoft.com/developer/msbuild/2003">
  <ItemGroup>
    <Filter Include="Source Files">
      <UniqueIdentifier>{4FC737F1-C7A5-4376-A066-2A32D752A2FF}</UniqueIdentifier>
      <Extensions>cpp;c;cc;cxx;def;odl;idl;hpj;bat;asm;asmx</Extensions>
    </Filter>
    <Filter Include="Header Files">
      <UniqueIdentifier>{93995380-89BD-4b04-88EB-625FBE52EBFB}</UniqueIdentifier>
      <Extensions>h;hh;hpp;hxx;hm;inl;inc;xsd</Extensions>
    </Filter>
    <Filter Include="Header Files\String">
      <UniqueIdentifier>{99d812bf-7686-4d8d-b792-d27369eca056}</UniqueIdentifier>
    </Filter>
    <Filter Include="Soil">
      <UniqueIdentifier>{a826a4bb-534a-44c6-a1f2-f1036bc50f67}</UniqueIdentifier>
    </Filter>
  </ItemGroup>
  <ItemGroup>
    <ClInclude Include="Debug_Output.h">
      <Filter>Header Files</Filter>
    </ClInclude>
    <ClInclude Include="Imaging.h">
      <Filter>Header Files</Filter>
    </ClInclude>
    <ClInclude Include="SkylineBinPack.h">
      <Filter>Header Files</Filter>
    </ClInclude>
    <ClInclude Include="Rect.h">
      <Filter>Header Files</Filter>
    </ClInclude>
    <ClInclude Include="GuillotineBinPack.h">
      <Filter>Header Files</Filter>
    </ClInclude>
    <ClInclude Include="Utils.h">
      <Filter>Header Files</Filter>
    </ClInclude>
    <ClInclude Include="Timer.h">
      <Filter>Header Files</Filter>
    </ClInclude>
    <ClInclude Include="String.h">
      <Filter>Header Files\String</Filter>
    </ClInclude>
    <ClInclude Include="image_DXT.h">
      <Filter>Soil</Filter>
    </ClInclude>
    <ClInclude Include="image_helper.h">
      <Filter>Soil</Filter>
    </ClInclude>
    <ClInclude Include="SOIL.h">
      <Filter>Soil</Filter>
    </ClInclude>
    <ClInclude Include="stb_image_aug.h">
      <Filter>Soil</Filter>
    </ClInclude>
    <ClInclude Include="stbi_DDS_aug.h">
      <Filter>Soil</Filter>
    </ClInclude>
    <ClInclude Include="stbi_DDS_aug_c.h">
      <Filter>Soil</Filter>
    </ClInclude>
    <ClInclude Include="IParse.h">
      <Filter>Header Files</Filter>
    </ClInclude>
  </ItemGroup>
  <ItemGroup>
    <ClCompile Include="SkylineBinPack.cpp">
      <Filter>Source Files</Filter>
    </ClCompile>
    <ClCompile Include="Rect.cpp">
      <Filter>Source Files</Filter>
    </ClCompile>
    <ClCompile Include="GuillotineBinPack.cpp">
      <Filter>Source Files</Filter>
    </ClCompile>
    <ClCompile Include="image_helper.c">
      <Filter>Soil</Filter>
    </ClCompile>
    <ClCompile Include="SOIL.c">
      <Filter>Soil</Filter>
    </ClCompile>
    <ClCompile Include="stb_image_aug.c">
      <Filter>Soil</Filter>
    </ClCompile>
    <ClCompile Include="original\stb_image-1.09.c">
      <Filter>Soil</Filter>
    </ClCompile>
    <ClCompile Include="original\stb_image-1.16.c">
      <Filter>Soil</Filter>
    </ClCompile>
    <ClCompile Include="image_DXT.c">
      <Filter>Soil</Filter>
    </ClCompile>
    <ClCompile Include="IParse.cpp">
      <Filter>Source Files</Filter>
    </ClCompile>
  </ItemGroup>
</Project>