Microsoft Visual Studio Solution File, Format Version 12.00
# Visual Studio 2013
VisualStudioVersion = 12.0.30501.0
MinimumVisualStudioVersion = 10.0.40219.1
Project("{8BC9CEB8-8B4A-11D0-8D11-00A0C91BC942}") = "SL_Terrain_Service", "..\SL_Terrain_Service\SL_Terrain_Service.vcxproj", "{3CD69756-90C3-4D7A-A7D4-490712F18993}"
EndProject
Project("{8BC9CEB8-8B4A-11D0-8D11-00A0C91BC942}") = "SL_Terrain_Graphics", "..\SL_Terrain_Graphics\SL_Terrain_Graphics.vcxproj", "{29005DFB-C7D1-4413-8010-A80EB3A3557E}"
EndProject
Project("{8BC9CEB8-8B4A-11D0-8D11-00A0C91BC942}") = "SL_Graphics", "..\SL_Graphics\SL_Graphics.vcxproj", "{68598827-9EF3-4D00-A0D6-EBDFC3CDE9E1}"
EndProject
Project("{8BC9CEB8-8B4A-11D0-8D11-00A0C91BC942}") = "SL_Utilities", "..\SL_Utilities\SL_Utilities.vcxproj", "{7BD0AFEF-FFA2-4E05-AC1B-DFF50250701E}"
EndProject
Project("{8BC9CEB8-8B4A-11D0-8D11-00A0C91BC942}") = "SL_Presenation", "..\SL_Presenation\SL_Presenation.vcxproj", "{6C24B8E3-AD9F-40EC-A669-4CB9256783D2}"
	ProjectSection(ProjectDependencies) = postProject
		{68598827-9EF3-4D00-A0D6-EBDFC3CDE9E1} = {68598827-9EF3-4D00-A0D6-EBDFC3CDE9E1}
		{3CD69756-90C3-4D7A-A7D4-490712F18993} = {3CD69756-90C3-4D7A-A7D4-490712F18993}
		{55AE3D72-7DE6-F19F-AEF2-9AE8CA26CF3D} = {55AE3D72-7DE6-F19F-AEF2-9AE8CA26CF3D}
		{65D2708D-A546-4106-9DE5-06748D2B1C70} = {65D2708D-A546-4106-9DE5-06748D2B1C70}
		{78B079BD-9FC7-4B9E-B4A6-96DA0F00248B} = {78B079BD-9FC7-4B9E-B4A6-96DA0F00248B}
		{FD82F0E6-BD1A-4B1A-9961-183F97045355} = {FD82F0E6-BD1A-4B1A-9961-183F97045355}
		{7BD0AFEF-FFA2-4E05-AC1B-DFF50250701E} = {7BD0AFEF-FFA2-4E05-AC1B-DFF50250701E}
		{29005DFB-C7D1-4413-8010-A80EB3A3557E} = {29005DFB-C7D1-4413-8010-A80EB3A3557E}
	EndProjectSection
EndProject
Project("{8BC9CEB8-8B4A-11D0-8D11-00A0C91BC942}") = "glfw", "..\glfw\glfw.vcxproj", "{65D2708D-A546-4106-9DE5-06748D2B1C70}"
EndProject
Project("{8BC9CEB8-8B4A-11D0-8D11-00A0C91BC942}") = "freetype", "..\freetype\builds\windows\vc2010\freetype.vcxproj", "{78B079BD-9FC7-4B9E-B4A6-96DA0F00248B}"
EndProject
Project("{8BC9CEB8-8B4A-11D0-8D11-00A0C91BC942}") = "assimp", "..\assimp\workspaces\vc9\assimp.vcxproj", "{5691E159-2D9B-407F-971F-EA5C592DC524}"
EndProject
Project("{8BC9CEB8-8B4A-11D0-8D11-00A0C91BC942}") = "glew", "..\glew\vc10\glew_shared.vcxproj", "{55AE3D72-7DE6-F19F-AEF2-9AE8CA26CF3D}"
EndProject
Project("{8BC9CEB8-8B4A-11D0-8D11-00A0C91BC942}") = "SL_Font_Utilities", "..\SL_Font_Utilities\SL_Font_Utilities.vcxproj", "{FD82F0E6-BD1A-4B1A-9961-183F97045355}"
EndProject
Project("{8BC9CEB8-8B4A-11D0-8D11-00A0C91BC942}") = "SL_Graphics_Model", "..\SL_Graphics_Model\SL_Graphics_Model.vcxproj", "{70FDCD93-07E3-432D-8247-369AE02B527A}"
EndProject
Global
	GlobalSection(SolutionConfigurationPlatforms) = preSolution
		debug|Win32 = debug|Win32
		debug|x64 = debug|x64
		release|Win32 = release|Win32
		release|x64 = release|x64
	EndGlobalSection
	GlobalSection(ProjectConfigurationPlatforms) = postSolution
		{3CD69756-90C3-4D7A-A7D4-490712F18993}.debug|Win32.ActiveCfg = Debug|Win32
		{3CD69756-90C3-4D7A-A7D4-490712F18993}.debug|Win32.Build.0 = Debug|Win32
		{3CD69756-90C3-4D7A-A7D4-490712F18993}.debug|x64.ActiveCfg = Debug|x64
		{3CD69756-90C3-4D7A-A7D4-490712F18993}.debug|x64.Build.0 = Debug|x64
		{3CD69756-90C3-4D7A-A7D4-490712F18993}.release|Win32.ActiveCfg = Release|Win32
		{3CD69756-90C3-4D7A-A7D4-490712F18993}.release|Win32.Build.0 = Release|Win32
		{3CD69756-90C3-4D7A-A7D4-490712F18993}.release|x64.ActiveCfg = Release|x64
		{3CD69756-90C3-4D7A-A7D4-490712F18993}.release|x64.Build.0 = Release|x64
		{29005DFB-C7D1-4413-8010-A80EB3A3557E}.debug|Win32.ActiveCfg = Debug|Win32
		{29005DFB-C7D1-4413-8010-A80EB3A3557E}.debug|Win32.Build.0 = Debug|Win32
		{29005DFB-C7D1-4413-8010-A80EB3A3557E}.debug|x64.ActiveCfg = Debug|x64
		{29005DFB-C7D1-4413-8010-A80EB3A3557E}.debug|x64.Build.0 = Debug|x64
		{29005DFB-C7D1-4413-8010-A80EB3A3557E}.release|Win32.ActiveCfg = Release|Win32
		{29005DFB-C7D1-4413-8010-A80EB3A3557E}.release|Win32.Build.0 = Release|Win32
		{29005DFB-C7D1-4413-8010-A80EB3A3557E}.release|x64.ActiveCfg = Release|x64
		{29005DFB-C7D1-4413-8010-A80EB3A3557E}.release|x64.Build.0 = Release|x64
		{68598827-9EF3-4D00-A0D6-EBDFC3CDE9E1}.debug|Win32.ActiveCfg = Debug|Win32
		{68598827-9EF3-4D00-A0D6-EBDFC3CDE9E1}.debug|Win32.Build.0 = Debug|Win32
		{68598827-9EF3-4D00-A0D6-EBDFC3CDE9E1}.debug|x64.ActiveCfg = Debug|x64
		{68598827-9EF3-4D00-A0D6-EBDFC3CDE9E1}.debug|x64.Build.0 = Debug|x64
		{68598827-9EF3-4D00-A0D6-EBDFC3CDE9E1}.release|Win32.ActiveCfg = Release|Win32
		{68598827-9EF3-4D00-A0D6-EBDFC3CDE9E1}.release|Win32.Build.0 = Release|Win32
		{68598827-9EF3-4D00-A0D6-EBDFC3CDE9E1}.release|x64.ActiveCfg = Release|x64
		{68598827-9EF3-4D00-A0D6-EBDFC3CDE9E1}.release|x64.Build.0 = Release|x64
		{7BD0AFEF-FFA2-4E05-AC1B-DFF50250701E}.debug|Win32.ActiveCfg = Debug|Win32
		{7BD0AFEF-FFA2-4E05-AC1B-DFF50250701E}.debug|Win32.Build.0 = Debug|Win32
		{7BD0AFEF-FFA2-4E05-AC1B-DFF50250701E}.debug|x64.ActiveCfg = Debug|x64
		{7BD0AFEF-FFA2-4E05-AC1B-DFF50250701E}.debug|x64.Build.0 = Debug|x64
		{7BD0AFEF-FFA2-4E05-AC1B-DFF50250701E}.release|Win32.ActiveCfg = Release|Win32
		{7BD0AFEF-FFA2-4E05-AC1B-DFF50250701E}.release|Win32.Build.0 = Release|Win32
		{7BD0AFEF-FFA2-4E05-AC1B-DFF50250701E}.release|x64.ActiveCfg = Release|x64
		{7BD0AFEF-FFA2-4E05-AC1B-DFF50250701E}.release|x64.Build.0 = Release|x64
		{6C24B8E3-AD9F-40EC-A669-4CB9256783D2}.debug|Win32.ActiveCfg = Debug|Win32
		{6C24B8E3-AD9F-40EC-A669-4CB9256783D2}.debug|Win32.Build.0 = Debug|Win32
		{6C24B8E3-AD9F-40EC-A669-4CB9256783D2}.debug|x64.ActiveCfg = Debug|x64
		{6C24B8E3-AD9F-40EC-A669-4CB9256783D2}.debug|x64.Build.0 = Debug|x64
		{6C24B8E3-AD9F-40EC-A669-4CB9256783D2}.release|Win32.ActiveCfg = Release|Win32
		{6C24B8E3-AD9F-40EC-A669-4CB9256783D2}.release|Win32.Build.0 = Release|Win32
		{6C24B8E3-AD9F-40EC-A669-4CB9256783D2}.release|x64.ActiveCfg = Release|x64
		{6C24B8E3-AD9F-40EC-A669-4CB9256783D2}.release|x64.Build.0 = Release|x64
		{65D2708D-A546-4106-9DE5-06748D2B1C70}.debug|Win32.ActiveCfg = Debug|Win32
		{65D2708D-A546-4106-9DE5-06748D2B1C70}.debug|Win32.Build.0 = Debug|Win32
		{65D2708D-A546-4106-9DE5-06748D2B1C70}.debug|x64.ActiveCfg = Debug|x64
		{65D2708D-A546-4106-9DE5-06748D2B1C70}.debug|x64.Build.0 = Debug|x64
		{65D2708D-A546-4106-9DE5-06748D2B1C70}.release|Win32.ActiveCfg = Release|Win32
		{65D2708D-A546-4106-9DE5-06748D2B1C70}.release|Win32.Build.0 = Release|Win32
		{65D2708D-A546-4106-9DE5-06748D2B1C70}.release|x64.ActiveCfg = Release|x64
		{65D2708D-A546-4106-9DE5-06748D2B1C70}.release|x64.Build.0 = Release|x64
		{78B079BD-9FC7-4B9E-B4A6-96DA0F00248B}.debug|Win32.ActiveCfg = Debug|Win32
		{78B079BD-9FC7-4B9E-B4A6-96DA0F00248B}.debug|Win32.Build.0 = Debug|Win32
		{78B079BD-9FC7-4B9E-B4A6-96DA0F00248B}.debug|x64.ActiveCfg = Debug|x64
		{78B079BD-9FC7-4B9E-B4A6-96DA0F00248B}.debug|x64.Build.0 = Debug|x64
		{78B079BD-9FC7-4B9E-B4A6-96DA0F00248B}.release|Win32.ActiveCfg = Release|Win32
		{78B079BD-9FC7-4B9E-B4A6-96DA0F00248B}.release|Win32.Build.0 = Release|Win32
		{78B079BD-9FC7-4B9E-B4A6-96DA0F00248B}.release|x64.ActiveCfg = Release|x64
		{78B079BD-9FC7-4B9E-B4A6-96DA0F00248B}.release|x64.Build.0 = Release|x64
		{5691E159-2D9B-407F-971F-EA5C592DC524}.debug|Win32.ActiveCfg = Debug|Win32
		{5691E159-2D9B-407F-971F-EA5C592DC524}.debug|Win32.Build.0 = Debug|Win32
		{5691E159-2D9B-407F-971F-EA5C592DC524}.debug|x64.ActiveCfg = Debug|x64
		{5691E159-2D9B-407F-971F-EA5C592DC524}.debug|x64.Build.0 = Debug|x64
		{5691E159-2D9B-407F-971F-EA5C592DC524}.release|Win32.ActiveCfg = Release|Win32
		{5691E159-2D9B-407F-971F-EA5C592DC524}.release|Win32.Build.0 = Release|Win32
		{5691E159-2D9B-407F-971F-EA5C592DC524}.release|x64.ActiveCfg = Release|x64
		{5691E159-2D9B-407F-971F-EA5C592DC524}.release|x64.Build.0 = Release|x64
		{55AE3D72-7DE6-F19F-AEF2-9AE8CA26CF3D}.debug|Win32.ActiveCfg = Debug|Win32
		{55AE3D72-7DE6-F19F-AEF2-9AE8CA26CF3D}.debug|Win32.Build.0 = Debug|Win32
		{55AE3D72-7DE6-F19F-AEF2-9AE8CA26CF3D}.debug|x64.ActiveCfg = Debug|x64
		{55AE3D72-7DE6-F19F-AEF2-9AE8CA26CF3D}.debug|x64.Build.0 = Debug|x64
		{55AE3D72-7DE6-F19F-AEF2-9AE8CA26CF3D}.release|Win32.ActiveCfg = Release|Win32
		{55AE3D72-7DE6-F19F-AEF2-9AE8CA26CF3D}.release|Win32.Build.0 = Release|Win32
		{55AE3D72-7DE6-F19F-AEF2-9AE8CA26CF3D}.release|x64.ActiveCfg = Release|x64
		{55AE3D72-7DE6-F19F-AEF2-9AE8CA26CF3D}.release|x64.Build.0 = Release|x64
		{FD82F0E6-BD1A-4B1A-9961-183F97045355}.debug|Win32.ActiveCfg = Debug|Win32
		{FD82F0E6-BD1A-4B1A-9961-183F97045355}.debug|Win32.Build.0 = Debug|Win32
		{FD82F0E6-BD1A-4B1A-9961-183F97045355}.debug|x64.ActiveCfg = Debug|x64
		{FD82F0E6-BD1A-4B1A-9961-183F97045355}.debug|x64.Build.0 = Debug|x64
		{FD82F0E6-BD1A-4B1A-9961-183F97045355}.release|Win32.ActiveCfg = Release|Win32
		{FD82F0E6-BD1A-4B1A-9961-183F97045355}.release|Win32.Build.0 = Release|Win32
		{FD82F0E6-BD1A-4B1A-9961-183F97045355}.release|x64.ActiveCfg = Release|x64
		{FD82F0E6-BD1A-4B1A-9961-183F97045355}.release|x64.Build.0 = Release|x64
		{70FDCD93-07E3-432D-8247-369AE02B527A}.debug|Win32.ActiveCfg = Debug|Win32
		{70FDCD93-07E3-432D-8247-369AE02B527A}.debug|Win32.Build.0 = Debug|Win32
		{70FDCD93-07E3-432D-8247-369AE02B527A}.debug|x64.ActiveCfg = Debug|x64
		{70FDCD93-07E3-432D-8247-369AE02B527A}.debug|x64.Build.0 = Debug|x64
		{70FDCD93-07E3-432D-8247-369AE02B527A}.release|Win32.ActiveCfg = Release|Win32
		{70FDCD93-07E3-432D-8247-369AE02B527A}.release|Win32.Build.0 = Release|Win32
		{70FDCD93-07E3-432D-8247-369AE02B527A}.release|x64.ActiveCfg = Release|x64
		{70FDCD93-07E3-432D-8247-369AE02B527A}.release|x64.Build.0 = Release|x64
	EndGlobalSection
	GlobalSection(SolutionProperties) = preSolution
		HideSolutionNode = FALSE
	EndGlobalSection
EndGlobal
