<?xml version="1.0" encoding="utf-8"?>
<Project ToolsVersion="12.0" xmlns="http://schemas.microsoft.com/developer/msbuild/2003">
  <ItemGroup>
    <Filter Include="Source Files">
      <UniqueIdentifier>{C213B75C-167B-4C16-B901-29C49864D346}</UniqueIdentifier>
    </Filter>
    <Filter Include="Header Files">
      <UniqueIdentifier>{2E4CCCE8-F5EF-4F89-85D4-36C58C29F406}</UniqueIdentifier>
    </Filter>
  </ItemGroup>
  <ItemGroup>
    <ClCompile Include="src\clipboard.c">
      <Filter>Source Files</Filter>
    </ClCompile>
    <ClCompile Include="src\context.c">
      <Filter>Source Files</Filter>
    </ClCompile>
    <ClCompile Include="src\gamma.c">
      <Filter>Source Files</Filter>
    </ClCompile>
    <ClCompile Include="src\init.c">
      <Filter>Source Files</Filter>
    </ClCompile>
    <ClCompile Include="src\input.c">
      <Filter>Source Files</Filter>
    </ClCompile>
    <ClCompile Include="src\joystick.c">
      <Filter>Source Files</Filter>
    </ClCompile>
    <ClCompile Include="src\monitor.c">
      <Filter>Source Files</Filter>
    </ClCompile>
    <ClCompile Include="src\time.c">
      <Filter>Source Files</Filter>
    </ClCompile>
    <ClCompile Include="src\wgl_context.c">
      <Filter>Source Files</Filter>
    </ClCompile>
    <ClCompile Include="src\win32_clipboard.c">
      <Filter>Source Files</Filter>
    </ClCompile>
    <ClCompile Include="src\win32_gamma.c">
      <Filter>Source Files</Filter>
    </ClCompile>
    <ClCompile Include="src\win32_init.c">
      <Filter>Source Files</Filter>
    </ClCompile>
    <ClCompile Include="src\win32_joystick.c">
      <Filter>Source Files</Filter>
    </ClCompile>
    <ClCompile Include="src\win32_monitor.c">
      <Filter>Source Files</Filter>
    </ClCompile>
    <ClCompile Include="src\win32_time.c">
      <Filter>Source Files</Filter>
    </ClCompile>
    <ClCompile Include="src\win32_window.c">
      <Filter>Source Files</Filter>
    </ClCompile>
    <ClCompile Include="src\window.c">
      <Filter>Source Files</Filter>
    </ClCompile>
  </ItemGroup>
  <ItemGroup>
    <ClInclude Include="src\win32_platform.h">
      <Filter>Header Files</Filter>
    </ClInclude>
    <ClInclude Include="src\nsgl_platform.h">
      <Filter>Header Files</Filter>
    </ClInclude>
    <ClInclude Include="src\internal.h">
      <Filter>Header Files</Filter>
    </ClInclude>
    <ClInclude Include="include\GLFW\glfw3native.h">
      <Filter>Header Files</Filter>
    </ClInclude>
    <ClInclude Include="include\GLFW\glfw3.h">
      <Filter>Header Files</Filter>
    </ClInclude>
    <ClInclude Include="src\config.h">
      <Filter>Header Files</Filter>
    </ClInclude>
    <ClInclude Include="src\wgl_platform.h">
      <Filter>Source Files</Filter>
    </ClInclude>
  </ItemGroup>
</Project>